
Microsoft Visual Studio Solution File, Format Version 12.00
Project("{2150E333-8FDC-42A3-9474-1A3956D46DE8}") = "src", "src", "{CA27ABBB-7EF4-4E4D-AC0B-CD8C0C242AB7}"
EndProject
Project("{FAE04EC0-301F-11D3-BF4B-00C04F79EFBC}") = "TestHub.Domain", "TestHub.Domain\TestHub.Domain.csproj", "{90060842-6BDA-491B-AAE5-63A6456860D4}"
EndProject
Project("{FAE04EC0-301F-11D3-BF4B-00C04F79EFBC}") = "TestHub.Application", "TestHub.Application\TestHub.Application.csproj", "{751899EF-793B-4FFC-84D1-C246C8DE3F9C}"
EndProject
Project("{2150E333-8FDC-42A3-9474-1A3956D46DE8}") = "core", "core", "{DB787815-5C36-4DF9-83DB-F59D7B2CF163}"
EndProject
Project("{2150E333-8FDC-42A3-9474-1A3956D46DE8}") = "infrastructure", "infrastructure", "{13E770D5-322C-4D96-BE05-BC10C84C7C1A}"
EndProject
Project("{2150E333-8FDC-42A3-9474-1A3956D46DE8}") = "presentation", "presentation", "{6C441052-7D12-48DD-B671-558D0ADD30BF}"
EndProject
Project("{FAE04EC0-301F-11D3-BF4B-00C04F79EFBC}") = "TestHub.Persistence", "TestHub.Persistence\TestHub.Persistence.csproj", "{26BAFBE7-55BE-4F72-9002-497445430197}"
EndProject
Global
	GlobalSection(SolutionConfigurationPlatforms) = preSolution
		Debug|Any CPU = Debug|Any CPU
		Release|Any CPU = Release|Any CPU
	EndGlobalSection
	GlobalSection(ProjectConfigurationPlatforms) = postSolution
		{90060842-6BDA-491B-AAE5-63A6456860D4}.Debug|Any CPU.ActiveCfg = Debug|Any CPU
		{90060842-6BDA-491B-AAE5-63A6456860D4}.Debug|Any CPU.Build.0 = Debug|Any CPU
		{90060842-6BDA-491B-AAE5-63A6456860D4}.Release|Any CPU.ActiveCfg = Release|Any CPU
		{90060842-6BDA-491B-AAE5-63A6456860D4}.Release|Any CPU.Build.0 = Release|Any CPU
		{751899EF-793B-4FFC-84D1-C246C8DE3F9C}.Debug|Any CPU.ActiveCfg = Debug|Any CPU
		{751899EF-793B-4FFC-84D1-C246C8DE3F9C}.Debug|Any CPU.Build.0 = Debug|Any CPU
		{751899EF-793B-4FFC-84D1-C246C8DE3F9C}.Release|Any CPU.ActiveCfg = Release|Any CPU
		{751899EF-793B-4FFC-84D1-C246C8DE3F9C}.Release|Any CPU.Build.0 = Release|Any CPU
		{26BAFBE7-55BE-4F72-9002-497445430197}.Debug|Any CPU.ActiveCfg = Debug|Any CPU
		{26BAFBE7-55BE-4F72-9002-497445430197}.Debug|Any CPU.Build.0 = Debug|Any CPU
		{26BAFBE7-55BE-4F72-9002-497445430197}.Release|Any CPU.ActiveCfg = Release|Any CPU
		{26BAFBE7-55BE-4F72-9002-497445430197}.Release|Any CPU.Build.0 = Release|Any CPU
	EndGlobalSection
	GlobalSection(NestedProjects) = preSolution
		{DB787815-5C36-4DF9-83DB-F59D7B2CF163} = {CA27ABBB-7EF4-4E4D-AC0B-CD8C0C242AB7}
		{751899EF-793B-4FFC-84D1-C246C8DE3F9C} = {DB787815-5C36-4DF9-83DB-F59D7B2CF163}
		{90060842-6BDA-491B-AAE5-63A6456860D4} = {DB787815-5C36-4DF9-83DB-F59D7B2CF163}
		{13E770D5-322C-4D96-BE05-BC10C84C7C1A} = {CA27ABBB-7EF4-4E4D-AC0B-CD8C0C242AB7}
		{6C441052-7D12-48DD-B671-558D0ADD30BF} = {CA27ABBB-7EF4-4E4D-AC0B-CD8C0C242AB7}
		{26BAFBE7-55BE-4F72-9002-497445430197} = {13E770D5-322C-4D96-BE05-BC10C84C7C1A}
	EndGlobalSection
EndGlobal
